
Microsoft Visual Studio Solution File, Format Version 12.00
# Visual Studio 15
VisualStudioVersion = 15.0.28307.779
MinimumVisualStudioVersion = 10.0.40219.1
Project("{FAE04EC0-301F-11D3-BF4B-00C04F79EFBC}") = "BooksAPI", "BooksAPI\BooksAPI.csproj", "{C5959092-ED5F-4B7C-B6A6-8C159EFEEE8E}"
EndProject
Global
	GlobalSection(SolutionConfigurationPlatforms) = preSolution
		Debug|Any CPU = Debug|Any CPU
		Release|Any CPU = Release|Any CPU
	EndGlobalSection
	GlobalSection(ProjectConfigurationPlatforms) = postSolution
		{C5959092-ED5F-4B7C-B6A6-8C159EFEEE8E}.Debug|Any CPU.ActiveCfg = Debug|Any CPU
		{C5959092-ED5F-4B7C-B6A6-8C159EFEEE8E}.Debug|Any CPU.Build.0 = Debug|Any CPU
		{C5959092-ED5F-4B7C-B6A6-8C159EFEEE8E}.Release|Any CPU.ActiveCfg = Release|Any CPU
		{C5959092-ED5F-4B7C-B6A6-8C159EFEEE8E}.Release|Any CPU.Build.0 = Release|Any CPU
	EndGlobalSection
	GlobalSection(SolutionProperties) = preSolution
		HideSolutionNode = FALSE
	EndGlobalSection
	GlobalSection(ExtensibilityGlobals) = postSolution
		SolutionGuid = {3F344967-A377-4801-8A01-7C3C3BE232A5}
	EndGlobalSection
EndGlobal
